// !$*UTF8*$!
{
	archiveVersion = 1;
	classes = {
	};
	objectVersion = 55;
	objects = {

/* Begin PBXBuildFile section */
		D9219D3528205F1000A81103 /* AppDelegate.swift in Sources */ = {isa = PBXBuildFile; fileRef = D9219D3428205F1000A81103 /* AppDelegate.swift */; };
		D9219D3728205F1000A81103 /* SceneDelegate.swift in Sources */ = {isa = PBXBuildFile; fileRef = D9219D3628205F1000A81103 /* SceneDelegate.swift */; };
		D9219D3928205F1000A81103 /* ViewController.swift in Sources */ = {isa = PBXBuildFile; fileRef = D9219D3828205F1000A81103 /* ViewController.swift */; };
		D9219D3C28205F1000A81103 /* Main.storyboard in Resources */ = {isa = PBXBuildFile; fileRef = D9219D3A28205F1000A81103 /* Main.storyboard */; };
		D9219D3E28205F1100A81103 /* Assets.xcassets in Resources */ = {isa = PBXBuildFile; fileRef = D9219D3D28205F1100A81103 /* Assets.xcassets */; };
		D9219D4128205F1100A81103 /* LaunchScreen.storyboard in Resources */ = {isa = PBXBuildFile; fileRef = D9219D3F28205F1100A81103 /* LaunchScreen.storyboard */; };
		D95047362820896700158B43 /* CoatroomViewController.swift in Sources */ = {isa = PBXBuildFile; fileRef = D95047352820896700158B43 /* CoatroomViewController.swift */; };
		D9504738282089DD00158B43 /* DinningroomViewController.swift in Sources */ = {isa = PBXBuildFile; fileRef = D9504737282089DD00158B43 /* DinningroomViewController.swift */; };
		D950473A28208A0000158B43 /* StairsupViewController.swift in Sources */ = {isa = PBXBuildFile; fileRef = D950473928208A0000158B43 /* StairsupViewController.swift */; };
		D950473C28208A0A00158B43 /* LibraryViewController.swift in Sources */ = {isa = PBXBuildFile; fileRef = D950473B28208A0A00158B43 /* LibraryViewController.swift */; };
		D950473E28208A2B00158B43 /* ServretpassageViewController.swift in Sources */ = {isa = PBXBuildFile; fileRef = D950473D28208A2B00158B43 /* ServretpassageViewController.swift */; };
		D950474028208A3400158B43 /* KitchenViewController.swift in Sources */ = {isa = PBXBuildFile; fileRef = D950473F28208A3400158B43 /* KitchenViewController.swift */; };
		D950474228208A4700158B43 /* BathroomViewController.swift in Sources */ = {isa = PBXBuildFile; fileRef = D950474128208A4700158B43 /* BathroomViewController.swift */; };
		D950474428208A5100158B43 /* BedroomViewController.swift in Sources */ = {isa = PBXBuildFile; fileRef = D950474328208A5100158B43 /* BedroomViewController.swift */; };
		D950474628208A6E00158B43 /* DungeonViewController.swift in Sources */ = {isa = PBXBuildFile; fileRef = D950474528208A6E00158B43 /* DungeonViewController.swift */; };
		D950474828208A7700158B43 /* LaboratoryViewController.swift in Sources */ = {isa = PBXBuildFile; fileRef = D950474728208A7700158B43 /* LaboratoryViewController.swift */; };
		D950474A28208A8600158B43 /* MysteriousLakeViewController.swift in Sources */ = {isa = PBXBuildFile; fileRef = D950474928208A8600158B43 /* MysteriousLakeViewController.swift */; };
		D950474C28208A9F00158B43 /* CursedChaliceViewController.swift in Sources */ = {isa = PBXBuildFile; fileRef = D950474B28208A9F00158B43 /* CursedChaliceViewController.swift */; };
		D950474E28208AB400158B43 /* GeneratorViewController.swift in Sources */ = {isa = PBXBuildFile; fileRef = D950474D28208AB400158B43 /* GeneratorViewController.swift */; };
		D950475028208ACE00158B43 /* BackPorchViewController.swift in Sources */ = {isa = PBXBuildFile; fileRef = D950474F28208ACE00158B43 /* BackPorchViewController.swift */; };
/* End PBXBuildFile section */

/* Begin PBXFileReference section */
		D9219D3128205F1000A81103 /* Assignment 3.app */ = {isa = PBXFileReference; explicitFileType = wrapper.application; includeInIndex = 0; path = "Assignment 3.app"; sourceTree = BUILT_PRODUCTS_DIR; };
		D9219D3428205F1000A81103 /* AppDelegate.swift */ = {isa = PBXFileReference; lastKnownFileType = sourcecode.swift; path = AppDelegate.swift; sourceTree = "<group>"; };
		D9219D3628205F1000A81103 /* SceneDelegate.swift */ = {isa = PBXFileReference; lastKnownFileType = sourcecode.swift; path = SceneDelegate.swift; sourceTree = "<group>"; };
		D9219D3828205F1000A81103 /* ViewController.swift */ = {isa = PBXFileReference; lastKnownFileType = sourcecode.swift; path = ViewController.swift; sourceTree = "<group>"; };
		D9219D3B28205F1000A81103 /* Base */ = {isa = PBXFileReference; lastKnownFileType = file.storyboard; name = Base; path = Base.lproj/Main.storyboard; sourceTree = "<group>"; };
		D9219D3D28205F1100A81103 /* Assets.xcassets */ = {isa = PBXFileReference; lastKnownFileType = folder.assetcatalog; path = Assets.xcassets; sourceTree = "<group>"; };
		D9219D4028205F1100A81103 /* Base */ = {isa = PBXFileReference; lastKnownFileType = file.storyboard; name = Base; path = Base.lproj/LaunchScreen.storyboard; sourceTree = "<group>"; };
		D9219D4228205F1100A81103 /* Info.plist */ = {isa = PBXFileReference; lastKnownFileType = text.plist.xml; path = Info.plist; sourceTree = "<group>"; };
		D95047352820896700158B43 /* CoatroomViewController.swift */ = {isa = PBXFileReference; lastKnownFileType = sourcecode.swift; path = CoatroomViewController.swift; sourceTree = "<group>"; };
		D9504737282089DD00158B43 /* DinningroomViewController.swift */ = {isa = PBXFileReference; lastKnownFileType = sourcecode.swift; path = DinningroomViewController.swift; sourceTree = "<group>"; };
		D950473928208A0000158B43 /* StairsupViewController.swift */ = {isa = PBXFileReference; lastKnownFileType = sourcecode.swift; path = StairsupViewController.swift; sourceTree = "<group>"; };
		D950473B28208A0A00158B43 /* LibraryViewController.swift */ = {isa = PBXFileReference; lastKnownFileType = sourcecode.swift; path = LibraryViewController.swift; sourceTree = "<group>"; };
		D950473D28208A2B00158B43 /* ServretpassageViewController.swift */ = {isa = PBXFileReference; lastKnownFileType = sourcecode.swift; path = ServretpassageViewController.swift; sourceTree = "<group>"; };
		D950473F28208A3400158B43 /* KitchenViewController.swift */ = {isa = PBXFileReference; lastKnownFileType = sourcecode.swift; path = KitchenViewController.swift; sourceTree = "<group>"; };
		D950474128208A4700158B43 /* BathroomViewController.swift */ = {isa = PBXFileReference; lastKnownFileType = sourcecode.swift; path = BathroomViewController.swift; sourceTree = "<group>"; };
		D950474328208A5100158B43 /* BedroomViewController.swift */ = {isa = PBXFileReference; lastKnownFileType = sourcecode.swift; path = BedroomViewController.swift; sourceTree = "<group>"; };
		D950474528208A6E00158B43 /* DungeonViewController.swift */ = {isa = PBXFileReference; lastKnownFileType = sourcecode.swift; path = DungeonViewController.swift; sourceTree = "<group>"; };
		D950474728208A7700158B43 /* LaboratoryViewController.swift */ = {isa = PBXFileReference; lastKnownFileType = sourcecode.swift; path = LaboratoryViewController.swift; sourceTree = "<group>"; };
		D950474928208A8600158B43 /* MysteriousLakeViewController.swift */ = {isa = PBXFileReference; lastKnownFileType = sourcecode.swift; path = MysteriousLakeViewController.swift; sourceTree = "<group>"; };
		D950474B28208A9F00158B43 /* CursedChaliceViewController.swift */ = {isa = PBXFileReference; lastKnownFileType = sourcecode.swift; path = CursedChaliceViewController.swift; sourceTree = "<group>"; };
		D950474D28208AB400158B43 /* GeneratorViewController.swift */ = {isa = PBXFileReference; lastKnownFileType = sourcecode.swift; path = GeneratorViewController.swift; sourceTree = "<group>"; };
		D950474F28208ACE00158B43 /* BackPorchViewController.swift */ = {isa = PBXFileReference; lastKnownFileType = sourcecode.swift; path = BackPorchViewController.swift; sourceTree = "<group>"; };
/* End PBXFileReference section */

/* Begin PBXFrameworksBuildPhase section */
		D9219D2E28205F1000A81103 /* Frameworks */ = {
			isa = PBXFrameworksBuildPhase;
			buildActionMask = 2147483647;
			files = (
			);
			runOnlyForDeploymentPostprocessing = 0;
		};
/* End PBXFrameworksBuildPhase section */

/* Begin PBXGroup section */
		D9219D2828205F1000A81103 = {
			isa = PBXGroup;
			children = (
				D9219D3328205F1000A81103 /* Assignment 3 */,
				D9219D3228205F1000A81103 /* Products */,
			);
			sourceTree = "<group>";
		};
		D9219D3228205F1000A81103 /* Products */ = {
			isa = PBXGroup;
			children = (
				D9219D3128205F1000A81103 /* Assignment 3.app */,
			);
			name = Products;
			sourceTree = "<group>";
		};
		D9219D3328205F1000A81103 /* Assignment 3 */ = {
			isa = PBXGroup;
			children = (
				D9219D3428205F1000A81103 /* AppDelegate.swift */,
				D9219D3628205F1000A81103 /* SceneDelegate.swift */,
				D9219D3828205F1000A81103 /* ViewController.swift */,
				D9219D3A28205F1000A81103 /* Main.storyboard */,
				D950474F28208ACE00158B43 /* BackPorchViewController.swift */,
				D950474D28208AB400158B43 /* GeneratorViewController.swift */,
				D950474B28208A9F00158B43 /* CursedChaliceViewController.swift */,
				D950474528208A6E00158B43 /* DungeonViewController.swift */,
				D950474728208A7700158B43 /* LaboratoryViewController.swift */,
				D950474928208A8600158B43 /* MysteriousLakeViewController.swift */,
				D950474128208A4700158B43 /* BathroomViewController.swift */,
				D950474328208A5100158B43 /* BedroomViewController.swift */,
				D950473D28208A2B00158B43 /* ServretpassageViewController.swift */,
				D950473F28208A3400158B43 /* KitchenViewController.swift */,
				D950473928208A0000158B43 /* StairsupViewController.swift */,
				D950473B28208A0A00158B43 /* LibraryViewController.swift */,
				D9504737282089DD00158B43 /* DinningroomViewController.swift */,
				D95047352820896700158B43 /* CoatroomViewController.swift */,
				D9219D3D28205F1100A81103 /* Assets.xcassets */,
				D9219D3F28205F1100A81103 /* LaunchScreen.storyboard */,
				D9219D4228205F1100A81103 /* Info.plist */,
			);
			path = "Assignment 3";
			sourceTree = "<group>";
		};
/* End PBXGroup section */

/* Begin PBXNativeTarget section */
		D9219D3028205F1000A81103 /* Assignment 3 */ = {
			isa = PBXNativeTarget;
			buildConfigurationList = D9219D4528205F1100A81103 /* Build configuration list for PBXNativeTarget "Assignment 3" */;
			buildPhases = (
				D9219D2D28205F1000A81103 /* Sources */,
				D9219D2E28205F1000A81103 /* Frameworks */,
				D9219D2F28205F1000A81103 /* Resources */,
			);
			buildRules = (
			);
			dependencies = (
			);
			name = "Assignment 3";
			productName = "Assignment 3";
			productReference = D9219D3128205F1000A81103 /* Assignment 3.app */;
			productType = "com.apple.product-type.application";
		};
/* End PBXNativeTarget section */

/* Begin PBXProject section */
		D9219D2928205F1000A81103 /* Project object */ = {
			isa = PBXProject;
			attributes = {
				BuildIndependentTargetsInParallel = 1;
				LastSwiftUpdateCheck = 1330;
				LastUpgradeCheck = 1330;
				TargetAttributes = {
					D9219D3028205F1000A81103 = {
						CreatedOnToolsVersion = 13.3.1;
					};
				};
			};
			buildConfigurationList = D9219D2C28205F1000A81103 /* Build configuration list for PBXProject "Assignment 3" */;
			compatibilityVersion = "Xcode 13.0";
			developmentRegion = en;
			hasScannedForEncodings = 0;
			knownRegions = (
				en,
				Base,
			);
			mainGroup = D9219D2828205F1000A81103;
			productRefGroup = D9219D3228205F1000A81103 /* Products */;
			projectDirPath = "";
			projectRoot = "";
			targets = (
				D9219D3028205F1000A81103 /* Assignment 3 */,
			);
		};
/* End PBXProject section */

/* Begin PBXResourcesBuildPhase section */
		D9219D2F28205F1000A81103 /* Resources */ = {
			isa = PBXResourcesBuildPhase;
			buildActionMask = 2147483647;
			files = (
				D9219D4128205F1100A81103 /* LaunchScreen.storyboard in Resources */,
				D9219D3E28205F1100A81103 /* Assets.xcassets in Resources */,
				D9219D3C28205F1000A81103 /* Main.storyboard in Resources */,
			);
			runOnlyForDeploymentPostprocessing = 0;
		};
/* End PBXResourcesBuildPhase section */

/* Begin PBXSourcesBuildPhase section */
		D9219D2D28205F1000A81103 /* Sources */ = {
			isa = PBXSourcesBuildPhase;
			buildActionMask = 2147483647;
			files = (
				D9219D3928205F1000A81103 /* ViewController.swift in Sources */,
				D950474628208A6E00158B43 /* DungeonViewController.swift in Sources */,
				D9504738282089DD00158B43 /* DinningroomViewController.swift in Sources */,
				D950474828208A7700158B43 /* LaboratoryViewController.swift in Sources */,
				D950474C28208A9F00158B43 /* CursedChaliceViewController.swift in Sources */,
				D950474228208A4700158B43 /* BathroomViewController.swift in Sources */,
				D9219D3528205F1000A81103 /* AppDelegate.swift in Sources */,
				D950474028208A3400158B43 /* KitchenViewController.swift in Sources */,
				D950474A28208A8600158B43 /* MysteriousLakeViewController.swift in Sources */,
				D950473A28208A0000158B43 /* StairsupViewController.swift in Sources */,
				D950475028208ACE00158B43 /* BackPorchViewController.swift in Sources */,
				D950473C28208A0A00158B43 /* LibraryViewController.swift in Sources */,
				D95047362820896700158B43 /* CoatroomViewController.swift in Sources */,
				D9219D3728205F1000A81103 /* SceneDelegate.swift in Sources */,
				D950474428208A5100158B43 /* BedroomViewController.swift in Sources */,
				D950474E28208AB400158B43 /* GeneratorViewController.swift in Sources */,
				D950473E28208A2B00158B43 /* ServretpassageViewController.swift in Sources */,
			);
			runOnlyForDeploymentPostprocessing = 0;
		};
/* End PBXSourcesBuildPhase section */

/* Begin PBXVariantGroup section */
		D9219D3A28205F1000A81103 /* Main.storyboard */ = {
			isa = PBXVariantGroup;
			children = (
				D9219D3B28205F1000A81103 /* Base */,
			);
			name = Main.storyboard;
			sourceTree = "<group>";
		};
		D9219D3F28205F1100A81103 /* LaunchScreen.storyboard */ = {
			isa = PBXVariantGroup;
			children = (
				D9219D4028205F1100A81103 /* Base */,
			);
			name = LaunchScreen.storyboard;
			sourceTree = "<group>";
		};
/* End PBXVariantGroup section */

/* Begin XCBuildConfiguration section */
		D9219D4328205F1100A81103 /* Debug */ = {
			isa = XCBuildConfiguration;
			buildSettings = {
				ALWAYS_SEARCH_USER_PATHS = NO;
				CLANG_ANALYZER_NONNULL = YES;
				CLANG_ANALYZER_NUMBER_OBJECT_CONVERSION = YES_AGGRESSIVE;
				CLANG_CXX_LANGUAGE_STANDARD = "gnu++17";
				CLANG_ENABLE_MODULES = YES;
				CLANG_ENABLE_OBJC_ARC = YES;
				CLANG_ENABLE_OBJC_WEAK = YES;
				CLANG_WARN_BLOCK_CAPTURE_AUTORELEASING = YES;
				CLANG_WARN_BOOL_CONVERSION = YES;
				CLANG_WARN_COMMA = YES;
				CLANG_WARN_CONSTANT_CONVERSION = YES;
				CLANG_WARN_DEPRECATED_OBJC_IMPLEMENTATIONS = YES;
				CLANG_WARN_DIRECT_OBJC_ISA_USAGE = YES_ERROR;
				CLANG_WARN_DOCUMENTATION_COMMENTS = YES;
				CLANG_WARN_EMPTY_BODY = YES;
				CLANG_WARN_ENUM_CONVERSION = YES;
				CLANG_WARN_INFINITE_RECURSION = YES;
				CLANG_WARN_INT_CONVERSION = YES;
				CLANG_WARN_NON_LITERAL_NULL_CONVERSION = YES;
				CLANG_WARN_OBJC_IMPLICIT_RETAIN_SELF = YES;
				CLANG_WARN_OBJC_LITERAL_CONVERSION = YES;
				CLANG_WARN_OBJC_ROOT_CLASS = YES_ERROR;
				CLANG_WARN_QUOTED_INCLUDE_IN_FRAMEWORK_HEADER = YES;
				CLANG_WARN_RANGE_LOOP_ANALYSIS = YES;
				CLANG_WARN_STRICT_PROTOTYPES = YES;
				CLANG_WARN_SUSPICIOUS_MOVE = YES;
				CLANG_WARN_UNGUARDED_AVAILABILITY = YES_AGGRESSIVE;
				CLANG_WARN_UNREACHABLE_CODE = YES;
				CLANG_WARN__DUPLICATE_METHOD_MATCH = YES;
				COPY_PHASE_STRIP = NO;
				DEBUG_INFORMATION_FORMAT = dwarf;
				ENABLE_STRICT_OBJC_MSGSEND = YES;
				ENABLE_TESTABILITY = YES;
				GCC_C_LANGUAGE_STANDARD = gnu11;
				GCC_DYNAMIC_NO_PIC = NO;
				GCC_NO_COMMON_BLOCKS = YES;
				GCC_OPTIMIZATION_LEVEL = 0;
				GCC_PREPROCESSOR_DEFINITIONS = (
					"DEBUG=1",
					"$(inherited)",
				);
				GCC_WARN_64_TO_32_BIT_CONVERSION = YES;
				GCC_WARN_ABOUT_RETURN_TYPE = YES_ERROR;
				GCC_WARN_UNDECLARED_SELECTOR = YES;
				GCC_WARN_UNINITIALIZED_AUTOS = YES_AGGRESSIVE;
				GCC_WARN_UNUSED_FUNCTION = YES;
				GCC_WARN_UNUSED_VARIABLE = YES;
				IPHONEOS_DEPLOYMENT_TARGET = 15.4;
				MTL_ENABLE_DEBUG_INFO = INCLUDE_SOURCE;
				MTL_FAST_MATH = YES;
				ONLY_ACTIVE_ARCH = YES;
				SDKROOT = iphoneos;
				SWIFT_ACTIVE_COMPILATION_CONDITIONS = DEBUG;
				SWIFT_OPTIMIZATION_LEVEL = "-Onone";
			};
			name = Debug;
		};
		D9219D4428205F1100A81103 /* Release */ = {
			isa = XCBuildConfiguration;
			buildSettings = {
				ALWAYS_SEARCH_USER_PATHS = NO;
				CLANG_ANALYZER_NONNULL = YES;
				CLANG_ANALYZER_NUMBER_OBJECT_CONVERSION = YES_AGGRESSIVE;
				CLANG_CXX_LANGUAGE_STANDARD = "gnu++17";
				CLANG_ENABLE_MODULES = YES;
				CLANG_ENABLE_OBJC_ARC = YES;
				CLANG_ENABLE_OBJC_WEAK = YES;
				CLANG_WARN_BLOCK_CAPTURE_AUTORELEASING = YES;
				CLANG_WARN_BOOL_CONVERSION = YES;
				CLANG_WARN_COMMA = YES;
				CLANG_WARN_CONSTANT_CONVERSION = YES;
				CLANG_WARN_DEPRECATED_OBJC_IMPLEMENTATIONS = YES;
				CLANG_WARN_DIRECT_OBJC_ISA_USAGE = YES_ERROR;
				CLANG_WARN_DOCUMENTATION_COMMENTS = YES;
				CLANG_WARN_EMPTY_BODY = YES;
				CLANG_WARN_ENUM_CONVERSION = YES;
				CLANG_WARN_INFINITE_RECURSION = YES;
				CLANG_WARN_INT_CONVERSION = YES;
				CLANG_WARN_NON_LITERAL_NULL_CONVERSION = YES;
				CLANG_WARN_OBJC_IMPLICIT_RETAIN_SELF = YES;
				CLANG_WARN_OBJC_LITERAL_CONVERSION = YES;
				CLANG_WARN_OBJC_ROOT_CLASS = YES_ERROR;
				CLANG_WARN_QUOTED_INCLUDE_IN_FRAMEWORK_HEADER = YES;
				CLANG_WARN_RANGE_LOOP_ANALYSIS = YES;
				CLANG_WARN_STRICT_PROTOTYPES = YES;
				CLANG_WARN_SUSPICIOUS_MOVE = YES;
				CLANG_WARN_UNGUARDED_AVAILABILITY = YES_AGGRESSIVE;
				CLANG_WARN_UNREACHABLE_CODE = YES;
				CLANG_WARN__DUPLICATE_METHOD_MATCH = YES;
				COPY_PHASE_STRIP = NO;
				DEBUG_INFORMATION_FORMAT = "dwarf-with-dsym";
				ENABLE_NS_ASSERTIONS = NO;
				ENABLE_STRICT_OBJC_MSGSEND = YES;
				GCC_C_LANGUAGE_STANDARD = gnu11;
				GCC_NO_COMMON_BLOCKS = YES;
				GCC_WARN_64_TO_32_BIT_CONVERSION = YES;
				GCC_WARN_ABOUT_RETURN_TYPE = YES_ERROR;
				GCC_WARN_UNDECLARED_SELECTOR = YES;
				GCC_WARN_UNINITIALIZED_AUTOS = YES_AGGRESSIVE;
				GCC_WARN_UNUSED_FUNCTION = YES;
				GCC_WARN_UNUSED_VARIABLE = YES;
				IPHONEOS_DEPLOYMENT_TARGET = 15.4;
				MTL_ENABLE_DEBUG_INFO = NO;
				MTL_FAST_MATH = YES;
				SDKROOT = iphoneos;
				SWIFT_COMPILATION_MODE = wholemodule;
				SWIFT_OPTIMIZATION_LEVEL = "-O";
				VALIDATE_PRODUCT = YES;
			};
			name = Release;
		};
		D9219D4628205F1100A81103 /* Debug */ = {
			isa = XCBuildConfiguration;
			buildSettings = {
				ASSETCATALOG_COMPILER_APPICON_NAME = AppIcon;
				ASSETCATALOG_COMPILER_GLOBAL_ACCENT_COLOR_NAME = AccentColor;
				CODE_SIGN_STYLE = Automatic;
				CURRENT_PROJECT_VERSION = 1;
				GENERATE_INFOPLIST_FILE = YES;
				INFOPLIST_FILE = "Assignment 3/Info.plist";
				INFOPLIST_KEY_UIApplicationSupportsIndirectInputEvents = YES;
				INFOPLIST_KEY_UILaunchStoryboardName = LaunchScreen;
				INFOPLIST_KEY_UIMainStoryboardFile = Main;
				INFOPLIST_KEY_UISupportedInterfaceOrientations_iPad = "UIInterfaceOrientationPortrait UIInterfaceOrientationPortraitUpsideDown UIInterfaceOrientationLandscapeLeft UIInterfaceOrientationLandscapeRight";
				INFOPLIST_KEY_UISupportedInterfaceOrientations_iPhone = "UIInterfaceOrientationPortrait UIInterfaceOrientationLandscapeLeft UIInterfaceOrientationLandscapeRight";
				LD_RUNPATH_SEARCH_PATHS = (
					"$(inherited)",
					"@executable_path/Frameworks",
				);
				MARKETING_VERSION = 1.0;
				PRODUCT_BUNDLE_IDENTIFIER = "com.example.Assignment-3";
				PRODUCT_NAME = "$(TARGET_NAME)";
				SWIFT_EMIT_LOC_STRINGS = YES;
				SWIFT_VERSION = 5.0;
				TARGETED_DEVICE_FAMILY = "1,2";
			};
			name = Debug;
		};
		D9219D4728205F1100A81103 /* Release */ = {
			isa = XCBuildConfiguration;
			buildSettings = {
				ASSETCATALOG_COMPILER_APPICON_NAME = AppIcon;
				ASSETCATALOG_COMPILER_GLOBAL_ACCENT_COLOR_NAME = AccentColor;
				CODE_SIGN_STYLE = Automatic;
				CURRENT_PROJECT_VERSION = 1;
				GENERATE_INFOPLIST_FILE = YES;
				INFOPLIST_FILE = "Assignment 3/Info.plist";
				INFOPLIST_KEY_UIApplicationSupportsIndirectInputEvents = YES;
				INFOPLIST_KEY_UILaunchStoryboardName = LaunchScreen;
				INFOPLIST_KEY_UIMainStoryboardFile = Main;
				INFOPLIST_KEY_UISupportedInterfaceOrientations_iPad = "UIInterfaceOrientationPortrait UIInterfaceOrientationPortraitUpsideDown UIInterfaceOrientationLandscapeLeft UIInterfaceOrientationLandscapeRight";
				INFOPLIST_KEY_UISupportedInterfaceOrientations_iPhone = "UIInterfaceOrientationPortrait UIInterfaceOrientationLandscapeLeft UIInterfaceOrientationLandscapeRight";
				LD_RUNPATH_SEARCH_PATHS = (
					"$(inherited)",
					"@executable_path/Frameworks",
				);
				MARKETING_VERSION = 1.0;
				PRODUCT_BUNDLE_IDENTIFIER = "com.example.Assignment-3";
				PRODUCT_NAME = "$(TARGET_NAME)";
				SWIFT_EMIT_LOC_STRINGS = YES;
				SWIFT_VERSION = 5.0;
				TARGETED_DEVICE_FAMILY = "1,2";
			};
			name = Release;
		};
/* End XCBuildConfiguration section */

/* Begin XCConfigurationList section */
		D9219D2C28205F1000A81103 /* Build configuration list for PBXProject "Assignment 3" */ = {
			isa = XCConfigurationList;
			buildConfigurations = (
				D9219D4328205F1100A81103 /* Debug */,
				D9219D4428205F1100A81103 /* Release */,
			);
			defaultConfigurationIsVisible = 0;
			defaultConfigurationName = Release;
		};
		D9219D4528205F1100A81103 /* Build configuration list for PBXNativeTarget "Assignment 3" */ = {
			isa = XCConfigurationList;
			buildConfigurations = (
				D9219D4628205F1100A81103 /* Debug */,
				D9219D4728205F1100A81103 /* Release */,
			);
			defaultConfigurationIsVisible = 0;
			defaultConfigurationName = Release;
		};
/* End XCConfigurationList section */
	};
	rootObject = D9219D2928205F1000A81103 /* Project object */;
}
